
Microsoft Visual Studio Solution File, Format Version 12.00
Project("{2150E333-8FDC-42A3-9474-1A3956D46DE8}") = "src", "src", "{827E0CD3-B72D-47B6-A68D-7590B98EB39B}"
EndProject
Project("{FAE04EC0-301F-11D3-BF4B-00C04F79EFBC}") = "Domain", "src\Domain\Domain.csproj", "{EF57C046-EAE5-4C81-8861-551EB0D1BB95}"
EndProject
Project("{FAE04EC0-301F-11D3-BF4B-00C04F79EFBC}") = "Application", "src\Application\Application.csproj", "{F1737B32-2820-4AF4-A040-352CDBC39FAE}"
EndProject
Project("{FAE04EC0-301F-11D3-BF4B-00C04F79EFBC}") = "Infrastructure", "src\Infrastructure\Infrastructure.csproj", "{3F463163-B229-4D30-AC7D-9A439C2322A2}"
EndProject
Project("{FAE04EC0-301F-11D3-BF4B-00C04F79EFBC}") = "Api", "src\Api\Api.csproj", "{90324C5C-A80E-498F-83A0-5CE8903DFF43}"
EndProject
Project("{2150E333-8FDC-42A3-9474-1A3956D46DE8}") = "tests", "tests", "{0AB3BF05-4346-4AA6-1389-037BE0695223}"
EndProject
Project("{FAE04EC0-301F-11D3-BF4B-00C04F79EFBC}") = "UnitTests", "tests\UnitTests\UnitTests.csproj", "{F7418193-1B8C-4F54-BE31-080A1C0E96B3}"
EndProject
Global
	GlobalSection(SolutionConfigurationPlatforms) = preSolution
		Debug|Any CPU = Debug|Any CPU
		Debug|x64 = Debug|x64
		Debug|x86 = Debug|x86
		Release|Any CPU = Release|Any CPU
		Release|x64 = Release|x64
		Release|x86 = Release|x86
	EndGlobalSection
	GlobalSection(ProjectConfigurationPlatforms) = postSolution
		{EF57C046-EAE5-4C81-8861-551EB0D1BB95}.Debug|Any CPU.ActiveCfg = Debug|Any CPU
		{EF57C046-EAE5-4C81-8861-551EB0D1BB95}.Debug|Any CPU.Build.0 = Debug|Any CPU
		{EF57C046-EAE5-4C81-8861-551EB0D1BB95}.Debug|x64.ActiveCfg = Debug|Any CPU
		{EF57C046-EAE5-4C81-8861-551EB0D1BB95}.Debug|x64.Build.0 = Debug|Any CPU
		{EF57C046-EAE5-4C81-8861-551EB0D1BB95}.Debug|x86.ActiveCfg = Debug|Any CPU
		{EF57C046-EAE5-4C81-8861-551EB0D1BB95}.Debug|x86.Build.0 = Debug|Any CPU
		{EF57C046-EAE5-4C81-8861-551EB0D1BB95}.Release|Any CPU.ActiveCfg = Release|Any CPU
		{EF57C046-EAE5-4C81-8861-551EB0D1BB95}.Release|Any CPU.Build.0 = Release|Any CPU
		{EF57C046-EAE5-4C81-8861-551EB0D1BB95}.Release|x64.ActiveCfg = Release|Any CPU
		{EF57C046-EAE5-4C81-8861-551EB0D1BB95}.Release|x64.Build.0 = Release|Any CPU
		{EF57C046-EAE5-4C81-8861-551EB0D1BB95}.Release|x86.ActiveCfg = Release|Any CPU
		{EF57C046-EAE5-4C81-8861-551EB0D1BB95}.Release|x86.Build.0 = Release|Any CPU
		{F1737B32-2820-4AF4-A040-352CDBC39FAE}.Debug|Any CPU.ActiveCfg = Debug|Any CPU
		{F1737B32-2820-4AF4-A040-352CDBC39FAE}.Debug|Any CPU.Build.0 = Debug|Any CPU
		{F1737B32-2820-4AF4-A040-352CDBC39FAE}.Debug|x64.ActiveCfg = Debug|Any CPU
		{F1737B32-2820-4AF4-A040-352CDBC39FAE}.Debug|x64.Build.0 = Debug|Any CPU
		{F1737B32-2820-4AF4-A040-352CDBC39FAE}.Debug|x86.ActiveCfg = Debug|Any CPU
		{F1737B32-2820-4AF4-A040-352CDBC39FAE}.Debug|x86.Build.0 = Debug|Any CPU
		{F1737B32-2820-4AF4-A040-352CDBC39FAE}.Release|Any CPU.ActiveCfg = Release|Any CPU
		{F1737B32-2820-4AF4-A040-352CDBC39FAE}.Release|Any CPU.Build.0 = Release|Any CPU
		{F1737B32-2820-4AF4-A040-352CDBC39FAE}.Release|x64.ActiveCfg = Release|Any CPU
		{F1737B32-2820-4AF4-A040-352CDBC39FAE}.Release|x64.Build.0 = Release|Any CPU
		{F1737B32-2820-4AF4-A040-352CDBC39FAE}.Release|x86.ActiveCfg = Release|Any CPU
		{F1737B32-2820-4AF4-A040-352CDBC39FAE}.Release|x86.Build.0 = Release|Any CPU
		{3F463163-B229-4D30-AC7D-9A439C2322A2}.Debug|Any CPU.ActiveCfg = Debug|Any CPU
		{3F463163-B229-4D30-AC7D-9A439C2322A2}.Debug|Any CPU.Build.0 = Debug|Any CPU
		{3F463163-B229-4D30-AC7D-9A439C2322A2}.Debug|x64.ActiveCfg = Debug|Any CPU
		{3F463163-B229-4D30-AC7D-9A439C2322A2}.Debug|x64.Build.0 = Debug|Any CPU
		{3F463163-B229-4D30-AC7D-9A439C2322A2}.Debug|x86.ActiveCfg = Debug|Any CPU
		{3F463163-B229-4D30-AC7D-9A439C2322A2}.Debug|x86.Build.0 = Debug|Any CPU
		{3F463163-B229-4D30-AC7D-9A439C2322A2}.Release|Any CPU.ActiveCfg = Release|Any CPU
		{3F463163-B229-4D30-AC7D-9A439C2322A2}.Release|Any CPU.Build.0 = Release|Any CPU
		{3F463163-B229-4D30-AC7D-9A439C2322A2}.Release|x64.ActiveCfg = Release|Any CPU
		{3F463163-B229-4D30-AC7D-9A439C2322A2}.Release|x64.Build.0 = Release|Any CPU
		{3F463163-B229-4D30-AC7D-9A439C2322A2}.Release|x86.ActiveCfg = Release|Any CPU
		{3F463163-B229-4D30-AC7D-9A439C2322A2}.Release|x86.Build.0 = Release|Any CPU
		{90324C5C-A80E-498F-83A0-5CE8903DFF43}.Debug|Any CPU.ActiveCfg = Debug|Any CPU
		{90324C5C-A80E-498F-83A0-5CE8903DFF43}.Debug|Any CPU.Build.0 = Debug|Any CPU
		{90324C5C-A80E-498F-83A0-5CE8903DFF43}.Debug|x64.ActiveCfg = Debug|Any CPU
		{90324C5C-A80E-498F-83A0-5CE8903DFF43}.Debug|x64.Build.0 = Debug|Any CPU
		{90324C5C-A80E-498F-83A0-5CE8903DFF43}.Debug|x86.ActiveCfg = Debug|Any CPU
		{90324C5C-A80E-498F-83A0-5CE8903DFF43}.Debug|x86.Build.0 = Debug|Any CPU
		{90324C5C-A80E-498F-83A0-5CE8903DFF43}.Release|Any CPU.ActiveCfg = Release|Any CPU
		{90324C5C-A80E-498F-83A0-5CE8903DFF43}.Release|Any CPU.Build.0 = Release|Any CPU
		{90324C5C-A80E-498F-83A0-5CE8903DFF43}.Release|x64.ActiveCfg = Release|Any CPU
		{90324C5C-A80E-498F-83A0-5CE8903DFF43}.Release|x64.Build.0 = Release|Any CPU
		{90324C5C-A80E-498F-83A0-5CE8903DFF43}.Release|x86.ActiveCfg = Release|Any CPU
		{90324C5C-A80E-498F-83A0-5CE8903DFF43}.Release|x86.Build.0 = Release|Any CPU
		{F7418193-1B8C-4F54-BE31-080A1C0E96B3}.Debug|Any CPU.ActiveCfg = Debug|Any CPU
		{F7418193-1B8C-4F54-BE31-080A1C0E96B3}.Debug|Any CPU.Build.0 = Debug|Any CPU
		{F7418193-1B8C-4F54-BE31-080A1C0E96B3}.Debug|x64.ActiveCfg = Debug|Any CPU
		{F7418193-1B8C-4F54-BE31-080A1C0E96B3}.Debug|x64.Build.0 = Debug|Any CPU
		{F7418193-1B8C-4F54-BE31-080A1C0E96B3}.Debug|x86.ActiveCfg = Debug|Any CPU
		{F7418193-1B8C-4F54-BE31-080A1C0E96B3}.Debug|x86.Build.0 = Debug|Any CPU
		{F7418193-1B8C-4F54-BE31-080A1C0E96B3}.Release|Any CPU.ActiveCfg = Release|Any CPU
		{F7418193-1B8C-4F54-BE31-080A1C0E96B3}.Release|Any CPU.Build.0 = Release|Any CPU
		{F7418193-1B8C-4F54-BE31-080A1C0E96B3}.Release|x64.ActiveCfg = Release|Any CPU
		{F7418193-1B8C-4F54-BE31-080A1C0E96B3}.Release|x64.Build.0 = Release|Any CPU
		{F7418193-1B8C-4F54-BE31-080A1C0E96B3}.Release|x86.ActiveCfg = Release|Any CPU
		{F7418193-1B8C-4F54-BE31-080A1C0E96B3}.Release|x86.Build.0 = Release|Any CPU
	EndGlobalSection
	GlobalSection(SolutionProperties) = preSolution
		HideSolutionNode = FALSE
	EndGlobalSection
	GlobalSection(NestedProjects) = preSolution
		{EF57C046-EAE5-4C81-8861-551EB0D1BB95} = {827E0CD3-B72D-47B6-A68D-7590B98EB39B}
		{F1737B32-2820-4AF4-A040-352CDBC39FAE} = {827E0CD3-B72D-47B6-A68D-7590B98EB39B}
		{3F463163-B229-4D30-AC7D-9A439C2322A2} = {827E0CD3-B72D-47B6-A68D-7590B98EB39B}
		{90324C5C-A80E-498F-83A0-5CE8903DFF43} = {827E0CD3-B72D-47B6-A68D-7590B98EB39B}
		{F7418193-1B8C-4F54-BE31-080A1C0E96B3} = {0AB3BF05-4346-4AA6-1389-037BE0695223}
	EndGlobalSection
EndGlobal
